{
	"name": "goat-bot-v2",
	"version": "1.5.32",
	"lockfileVersion": 2,
	"requires": true,
	"packages": {
		"": {
			"name": "goat-bot-v2",
			"version": "1.5.32",
			"license": "MIT",
			"dependencies": {
				"@distube/ytdl-core": "^4.13.3",
				"axios": "^1.4.0",
				"bcrypt": "^5.0.1",
				"canvas": "^2.9.1",
				"cheerio": "^1.0.0-rc.12",
				"child_process": "^1.0.2",
				"connect-flash": "^0.1.1",
				"cookie-parser": "^1.4.6",
				"eta": "^1.12.3",
				"express": "^4.18.1",
				"express-fileupload": "^1.4.0",
				"express-rate-limit": "^6.5.2",
				"express-session": "^1.17.3",
				"form-data": "^4.0.0",
				"fs-extra": "^11.1.0",
				"googleapis": "^100.0.0",
				"gradient-string": "^2.0.2",
				"graphql-query-to-json": "^2.0.1",
				"https": "^1.0.0",
				"jsonlint-mod": "^1.7.6",
				"moment-timezone": "^0.5.34",
				"mongoose": "^6.3.1",
				"mqtt": "^4.3.7",
				"node-cron": "^3.0.2",
				"nodemailer": "^6.7.5",
				"npmlog": "^7.0.1",
				"ora": "^5.4.1",
				"passport": "^0.6.0",
				"passport-local": "^1.0.0",
				"path": "^0.12.7",
				"qrcode-reader": "^1.0.4",
				"qs": "^6.11.0",
				"request": "^2.88.2",
				"searchitunes": "^2.5.4",
				"sequelize": "^6.19.0",
				"socket.io": "^4.5.1",
				"sqlite3": "^5.0.5",
				"tinyurl": "^1.1.7",
				"totp-generator": "^0.0.13",
				"websocket-stream": "^5.5.2"
			},
			"devDependencies": {
				"eslint": "^8.2.0",
				"eslint-config-airbnb": "^19.0.4",
				"eslint-config-node": "^4.1.0",
				"eslint-config-prettier": "^8.5.0",
				"eslint-plugin-import": "^2.25.3",
				"eslint-plugin-jsx-a11y": "^6.5.1",
				"eslint-plugin-node": "^11.1.0",
				"eslint-plugin-prettier": "^4.0.0",
				"eslint-plugin-react": "^7.28.0",
				"eslint-plugin-react-hooks": "^4.3.0",
				"javascript-obfuscator": "^4.0.1",
				"npm-size": "^1.3.0",
				"os": "^0.1.2",
				"pm2": "^5.3.0",
				"prettier": "^2.7.1",
				"prompt-checkbox": "^2.2.0",
				"terser": "^5.15.0"
			},
			"engines": {
				"node": "16.x",
				"npm": ">=7.0.0"
			}
		},
		"node_modules/@aws-crypto/ie11-detection": {
			"version": "3.0.0",
			"resolved": "https://registry.npmjs.org/@aws-crypto/ie11-detection/-/ie11-detection-3.0.0.tgz",
			"integrity": "sha512-341lBBkiY1DfDNKai/wXM3aujNBkXR7tq1URPQDL9wi3AUbI80NR74uF1TXHMm7po1AcnFk8iu2S2IeU/+/A+Q==",
			"optional": true,
			"dependencies": {
				"tslib": "^1.11.1"
			}
		},
		"node_modules/@aws-crypto/ie11-detection/node_modules/tslib": {
			"version": "1.14.1",
			"resolved": "https://registry.npmjs.org/tslib/-/tslib-1.14.1.tgz",
			"integrity": "sha512-Xni35NKzjgMrwevysHTCArtLDpPvye8zV/0E4EyYn43P7/7qvQwPh9BGkHewbMulVntbigmcT7rdX3BNo9wRJg==",
			"optional": true
		},
		"node_modules/@aws-crypto/sha256-browser": {
			"version": "3.0.0",
			"resolved": "https://registry.npmjs.org/@aws-crypto/sha256-browser/-/sha256-browser-3.0.0.tgz",
			"integrity": "sha512-8VLmW2B+gjFbU5uMeqtQM6Nj0/F1bro80xQXCW6CQBWgosFWXTx77aeOF5CAIAmbOK64SdMBJdNr6J41yP5mvQ==",
			"optional": true,
			"dependencies": {
				"@aws-crypto/ie11-detection": "^3.0.0",
				"@aws-crypto/sha256-js": "^3.0.0",
				"@aws-crypto/supports-web-crypto": "^3.0.0",
				"@aws-crypto/util": "^3.0.0",
				"@aws-sdk/types": "^3.222.0",
				"@aws-sdk/util-locate-window": "^3.0.0",
				"@aws-sdk/util-utf8-browser": "^3.0.0",
				"tslib": "^1.11.1"
			}
		},
		"node_modules/@aws-crypto/sha256-browser/node_modules/tslib": {
			"version": "1.14.1",
			"resolved": "https://registry.npmjs.org/tslib/-/tslib-1.14.1.tgz",
			"integrity": "sha512-Xni35NKzjgMrwevysHTCArtLDpPvye8zV/0E4EyYn43P7/7qvQwPh9BGkHewbMulVntbigmcT7rdX3BNo9wRJg==",
			"optional": true
			"resolved": "https://registry.npmjs.org/word-wrap/-/word-wrap-1.2.3.tgz",
			"integrity": "sha512-Hz/mrNwitNRh/HUAtM/VT/5VH+ygD6DV7mYKZAtHOrbs8U7lvPS6xf7EJKMF0uW1KJCl0H701g3ZGus+muE5vQ==",
			"dev": true
		},
		"wrappy": {
			"version": "1.0.2",
			"resolved": "https://registry.npmjs.org/wrappy/-/wrappy-1.0.2.tgz",
			"integrity": "sha512-l4Sp/DRseor9wL6EvV2+TuQn63dMkPjZ/sp9XkghTEbV9KlPS1xUsZ3u7/IQO4wxtcFB4bgpQPRcR3QCvezPcQ=="
		},
		"write": {
			"version": "1.0.3",
			"resolved": "https://registry.npmjs.org/write/-/write-1.0.3.tgz",
			"integrity": "sha512-/lg70HAjtkUgWPVZhZcm+T4hkL8Zbtp1nFNOn3lRrxnlv50SRBv7cR7RqR+GMsd3hUXy9hWBo4CHTbFTcOYwig==",
			"dev": true,
			"requires": {
				"mkdirp": "^0.5.1"
			},
			"dependencies": {
				"mkdirp": {
					"version": "0.5.6",
					"resolved": "https://registry.npmjs.org/mkdirp/-/mkdirp-0.5.6.tgz",
					"integrity": "sha512-FP+p8RB8OWpF3YZBCrP5gtADmtXApB5AMLn+vdyA+PyxCjrCs00mjyUozssO33cwDeT3wNGdLxJ5M//YqtHAJw==",
					"dev": true,
					"requires": {
						"minimist": "^1.2.6"
					}
				}
			}
		},
		"xtend": {
			"version": "4.0.2",
			"resolved": "https://registry.npmjs.org/xtend/-/xtend-4.0.2.tgz",
			"integrity": "sha512-LKYU1iAXJXUgAXn9URjiu+MWhyUXHsvfp7mcuYm9dSUKK0/CjtrUwFAxD82/mCWbtLsGjFIad0wIsod4zrTAEQ=="
		},
		"yallist": {
			"version": "4.0.0",
			"resolved": "https://registry.npmjs.org/yallist/-/yallist-4.0.0.tgz",
			"integrity": "sha512-3wdGidZyq5PB084XLES5TpOSRA3wjXAlIWMhum2kRcv/41Sn2emQ0dycQW4uZXLejwKvg6EsvbdlVL+FYEct7A=="
		},
		"yamljs": {
			"version": "0.3.0",
			"resolved": "https://registry.npmjs.org/yamljs/-/yamljs-0.3.0.tgz",
			"integrity": "sha512-C/FsVVhht4iPQYXOInoxUM/1ELSf9EsgKH34FofQOp6hwCPrW4vG4w5++TED3xRUo8gD7l0P1J1dLlDYzODsTQ==",
			"dev": true,
			"requires": {
				"argparse": "^1.0.7",
				"glob": "^7.0.5"
			},
			"dependencies": {
				"argparse": {
					"version": "1.0.10",
					"resolved": "https://registry.npmjs.org/argparse/-/argparse-1.0.10.tgz",
					"integrity": "sha512-o5Roy6tNG4SL/FOkCAN6RzjiakZS25RLYFrcMttJqbdd8BWrnA+fGz57iN5Pb06pvBGvl5gQ0B48dJlslXvoTg==",
					"dev": true,
					"requires": {
						"sprintf-js": "~1.0.2"
					}
				}
			}
		},
		"yocto-queue": {
			"version": "0.1.0",
			"resolved": "https://registry.npmjs.org/yocto-queue/-/yocto-queue-0.1.0.tgz",
			"integrity": "sha512-rVksvsnNCdJ/ohGc6xgPwyN8eheCxsiLM8mxuE/t/mOVqJewPuO1miLpTHQiRgTKCLexL4MeAFVagts7HmNZ2Q==",
			"dev": true
		},
		"zen-observable": {
			"version": "0.8.15",
			"resolved": "https://registry.npmjs.org/zen-observable/-/zen-observable-0.8.15.tgz",
			"integrity": "sha512-PQ2PC7R9rslx84ndNBZB/Dkv8V8fZEpk83RLgXtYd0fwUgEjseMn1Dgajh2x6S8QbZAFa9p2qVCEuYZNgve0dQ==",
			"dev": true
		}
	}
}
